# Generated by pub
# See https://dart.dev/tools/pub/glossary#lockfile
packages:
  args:
    dependency: transitive
    description:
      name: args
      sha256: d0481093c50b1da8910eb0bb301626d4d8eb7284aa739614d2b394ee09e3ea04
      url: "https://pub.dev"
    source: hosted
    version: "2.7.0"
  async:
    dependency: "direct main"
    description:
      name: async
      sha256: "758e6d74e971c3e5aceb4110bfd6698efc7f501675bcfe0c775459a8140750eb"
      url: "https://pub.dev"
    source: hosted
    version: "2.13.0"
  bluez:
    dependency: transitive
    description:
      name: bluez
      sha256: "61a7204381925896a374301498f2f5399e59827c6498ae1e924aaa598751b545"
      url: "https://pub.dev"
    source: hosted
    version: "0.8.3"
  characters:
    dependency: transitive
    description:
      name: characters
      sha256: f71061c654a3380576a52b451dd5532377954cf9dbd272a78fc8479606670803
      url: "https://pub.dev"
    source: hosted
    version: "1.4.0"
  collection:
    dependency: "direct main"
    description:
      name: collection
      sha256: "2f5709ae4d3d59dd8f7cd309b4e023046b57d8a6c82130785d2b0e5868084e76"
      url: "https://pub.dev"
    source: hosted
    version: "1.19.1"
  dbus:
    dependency: transitive
    description:
      name: dbus
      sha256: "79e0c23480ff85dc68de79e2cd6334add97e48f7f4865d17686dd6ea81a47e8c"
      url: "https://pub.dev"
    source: hosted
    version: "0.7.11"
  ffi:
    dependency: transitive
    description:
      name: ffi
      sha256: "289279317b4b16eb2bb7e271abccd4bf84ec9bdcbe999e278a94b804f5630418"
      url: "https://pub.dev"
    source: hosted
    version: "2.1.4"
  flutter:
    dependency: transitive
    description: flutter
    source: sdk
    version: "0.0.0"
  flutter_blue_plus:
    dependency: "direct main"
    description:
      name: flutter_blue_plus
      sha256: "69a8c87c11fc792e8cf0f997d275484fbdb5143ac9f0ac4d424429700cb4e0ed"
      url: "https://pub.dev"
    source: hosted
    version: "1.36.8"
  flutter_blue_plus_android:
    dependency: transitive
    description:
      name: flutter_blue_plus_android
      sha256: "6f7fe7e69659c30af164a53730707edc16aa4d959e4c208f547b893d940f853d"
      url: "https://pub.dev"
    source: hosted
    version: "7.0.4"
  flutter_blue_plus_darwin:
    dependency: transitive
    description:
      name: flutter_blue_plus_darwin
      sha256: "682982862c1d964f4d54a3fb5fccc9e59a066422b93b7e22079aeecd9c0d38f8"
      url: "https://pub.dev"
    source: hosted
    version: "7.0.3"
  flutter_blue_plus_linux:
    dependency: transitive
    description:
      name: flutter_blue_plus_linux
      sha256: "56b0c45edd0a2eec8f85bd97a26ac3cd09447e10d0094fed55587bf0592e3347"
      url: "https://pub.dev"
    source: hosted
    version: "7.0.3"
  flutter_blue_plus_platform_interface:
    dependency: transitive
    description:
      name: flutter_blue_plus_platform_interface
      sha256: "84fbd180c50a40c92482f273a92069960805ce324e3673ad29c41d2faaa7c5c2"
      url: "https://pub.dev"
    source: hosted
    version: "7.0.0"
  flutter_blue_plus_web:
    dependency: transitive
    description:
      name: flutter_blue_plus_web
      sha256: a1aceee753d171d24c0e0cdadb37895b5e9124862721f25f60bb758e20b72c99
      url: "https://pub.dev"
    source: hosted
    version: "7.0.2"
  flutter_web_plugins:
    dependency: transitive
    description: flutter
    source: sdk
    version: "0.0.0"
  js:
    dependency: transitive
    description:
      name: js
      sha256: f2c445dce49627136094980615a031419f7f3eb393237e4ecd97ac15dea343f3
      url: "https://pub.dev"
    source: hosted
    version: "0.6.7"
  logging:
    dependency: transitive
    description:
      name: logging
      sha256: c8245ada5f1717ed44271ed1c26b8ce85ca3228fd2ffdb75468ab01979309d61
      url: "https://pub.dev"
    source: hosted
    version: "1.3.0"
  material_color_utilities:
    dependency: transitive
    description:
      name: material_color_utilities
      sha256: f7142bb1154231d7ea5f96bc7bde4bda2a0945d2806bb11670e30b850d56bdec
      url: "https://pub.dev"
    source: hosted
    version: "0.11.1"
  meta:
    dependency: "direct main"
    description:
      name: meta
      sha256: e3641ec5d63ebf0d9b41bd43201a66e3fc79a65db5f61fc181f04cd27aab950c
      url: "https://pub.dev"
    source: hosted
    version: "1.16.0"
  petitparser:
    dependency: transitive
    description:
      name: petitparser
      sha256: "1a97266a94f7350d30ae522c0af07890c70b8e62c71e8e3920d1db4d23c057d1"
      url: "https://pub.dev"
    source: hosted
    version: "7.0.1"
  rxdart:
    dependency: transitive
    description:
      name: rxdart
      sha256: "5c3004a4a8dbb94bd4bf5412a4def4acdaa12e12f269737a5751369e12d1a962"
      url: "https://pub.dev"
    source: hosted
    version: "0.28.0"
  sky_engine:
    dependency: transitive
    description: flutter
    source: sdk
    version: "0.0.0"
  socket_io_client:
    dependency: "direct main"
    description:
      name: socket_io_client
      sha256: ede469f3e4c55e8528b4e023bdedbc20832e8811ab9b61679d1ba3ed5f01f23b
      url: "https://pub.dev"
    source: hosted
    version: "2.0.3+1"
  socket_io_common:
    dependency: transitive
    description:
      name: socket_io_common
      sha256: "2ab92f8ff3ebbd4b353bf4a98bee45cc157e3255464b2f90f66e09c4472047eb"
      url: "https://pub.dev"
    source: hosted
    version: "2.0.3"
  usb_serial:
    dependency: "direct main"
    description:
      name: usb_serial
      sha256: a605a600e34e7f28d4e80851ca3999ef747e42e406138887b8a88b8c382a8b07
      url: "https://pub.dev"
    source: hosted
    version: "0.5.2"
  vector_math:
    dependency: transitive
    description:
      name: vector_math
      sha256: d530bd74fea330e6e364cda7a85019c434070188383e1cd8d9777ee586914c5b
      url: "https://pub.dev"
    source: hosted
    version: "2.2.0"
  web:
    dependency: transitive
    description:
      name: web
      sha256: "868d88a33d8a87b18ffc05f9f030ba328ffefba92d6c127917a2ba740f9cfe4a"
      url: "https://pub.dev"
    source: hosted
    version: "1.1.1"
  xml:
    dependency: transitive
    description:
      name: xml
      sha256: "971043b3a0d3da28727e40ed3e0b5d18b742fa5a68665cca88e74b7876d5e025"
      url: "https://pub.dev"
    source: hosted
    version: "6.6.1"
sdks:
  dart: ">=3.8.0 <4.0.0"
  flutter: ">=3.19.0"
